
Microsoft Visual Studio Solution File, Format Version 12.00
# Visual Studio Version 16
VisualStudioVersion = 16.0.29509.3
MinimumVisualStudioVersion = 10.0.40219.1
Project("{FAE04EC0-301F-11D3-BF4B-00C04F79EFBC}") = "Track_Sport_Events_MVC", "Track_Sport_Events_MVC.csproj", "{C9EFD71B-4910-4449-8665-443C1BE18973}"
EndProject
Global
	GlobalSection(SolutionConfigurationPlatforms) = preSolution
		Debug|Any CPU = Debug|Any CPU
		Release|Any CPU = Release|Any CPU
	EndGlobalSection
	GlobalSection(ProjectConfigurationPlatforms) = postSolution
		{C9EFD71B-4910-4449-8665-443C1BE18973}.Debug|Any CPU.ActiveCfg = Debug|Any CPU
		{C9EFD71B-4910-4449-8665-443C1BE18973}.Debug|Any CPU.Build.0 = Debug|Any CPU
		{C9EFD71B-4910-4449-8665-443C1BE18973}.Release|Any CPU.ActiveCfg = Release|Any CPU
		{C9EFD71B-4910-4449-8665-443C1BE18973}.Release|Any CPU.Build.0 = Release|Any CPU
	EndGlobalSection
	GlobalSection(SolutionProperties) = preSolution
		HideSolutionNode = FALSE
	EndGlobalSection
	GlobalSection(ExtensibilityGlobals) = postSolution
		SolutionGuid = {260BDA9A-0A72-488E-B1D2-EAD40928D918}
	EndGlobalSection
EndGlobal
